// !$*UTF8*$!
{
	archiveVersion = 1;
	classes = {
	};
	objectVersion = 77;
	objects = {

/* Begin PBXBuildFile section */
		1178A20166C90600A544701F /* CodeEditorModels.swift in Sources */ = {isa = PBXBuildFile; fileRef = EEE22FE6ABA9E25F9303EB48 /* CodeEditorModels.swift */; };
		18139D3FADB455AF0105F67F /* CodeEditorService.swift in Sources */ = {isa = PBXBuildFile; fileRef = 2FB10B2E559234FF09B84CD7 /* CodeEditorService.swift */; };
		1861BA264DCA5F5F55BFCA01 /* FirebaseMessaging in Frameworks */ = {isa = PBXBuildFile; productRef = 351D2AC1C9003047DAABEC5F /* FirebaseMessaging */; };
		200851B70A4FC0E8AEEFC70E /* DashboardView.swift in Sources */ = {isa = PBXBuildFile; fileRef = 70D0DA884F7C5005BB66F7AE /* DashboardView.swift */; };
		23B52C648BE537E14965C53A /* ActionCard.swift in Sources */ = {isa = PBXBuildFile; fileRef = AE3CF10F4A54853592F2B56D /* ActionCard.swift */; };
		2EA137A45297BACA4EB80EE2 /* ProblemListViewModel.swift in Sources */ = {isa = PBXBuildFile; fileRef = FF3C262325764529F08CC0B5 /* ProblemListViewModel.swift */; };
		33B2DC91300137F6BFDB7B67 /* DifficultyBadge.swift in Sources */ = {isa = PBXBuildFile; fileRef = EBBAF57197388029504419E6 /* DifficultyBadge.swift */; };
		3BEB169BFE790373290A00EB /* ContestListView.swift in Sources */ = {isa = PBXBuildFile; fileRef = 0AC5DB7FC814F9E843FA0A09 /* ContestListView.swift */; };
		3F78895B8E91D3DB2CAD87A8 /* CodeEditorViewModel.swift in Sources */ = {isa = PBXBuildFile; fileRef = E97839B1F90BA661ED82CFAF /* CodeEditorViewModel.swift */; };
		4013310DB66CD36E39108709 /* ProblemFilterView.swift in Sources */ = {isa = PBXBuildFile; fileRef = D5BFB432A140E3CAA7DAAB69 /* ProblemFilterView.swift */; };
		441AEEAD645914A1A580DE0C /* ReviewCardView.swift in Sources */ = {isa = PBXBuildFile; fileRef = 1776E9F09A8C7BA053D668F0 /* ReviewCardView.swift */; };
		527CA9B025E55167A416B9E6 /* LeetCodeAPI.swift in Sources */ = {isa = PBXBuildFile; fileRef = 4D32E23CC7D08150130C2057 /* LeetCodeAPI.swift */; };
		54398753CE9DF1E3EA800570 /* SubmissionListView.swift in Sources */ = {isa = PBXBuildFile; fileRef = 77AEF482250D75873E164A23 /* SubmissionListView.swift */; };
		621D6F2F5AC801953CA005EE /* ReviewSessionView.swift in Sources */ = {isa = PBXBuildFile; fileRef = 1BC227B233E7C80540520890 /* ReviewSessionView.swift */; };
		778FE424BDFDB0559237B352 /* AuthManager.swift in Sources */ = {isa = PBXBuildFile; fileRef = 1F0069EE9C3CE69280CF81BB /* AuthManager.swift */; };
		7B4E3D0C53ACD75D7A971F6A /* FirebaseAuth in Frameworks */ = {isa = PBXBuildFile; productRef = 83C30EC2A045A362DAB0B46D /* FirebaseAuth */; };
		7EC67652FE7303508A9A5A21 /* ReviewViewModel.swift in Sources */ = {isa = PBXBuildFile; fileRef = B2A81673365F010A0AD3BA97 /* ReviewViewModel.swift */; };
		803121FE37254C4FDCD3B0E4 /* DailyChallenge.swift in Sources */ = {isa = PBXBuildFile; fileRef = 6CA8423074EB607C578986B4 /* DailyChallenge.swift */; };
		8BBC0716193727BE102096FC /* ContentView.swift in Sources */ = {isa = PBXBuildFile; fileRef = 3629885D409F1EDD9F5F03C5 /* ContentView.swift */; };
		935B8D5E61F69CFC5F28612B /* AuthenticatedWebView.swift in Sources */ = {isa = PBXBuildFile; fileRef = 9C76BB70A5F07F9CBD6C633A /* AuthenticatedWebView.swift */; };
		944D52D759BB44C86DACBEC1 /* DashboardViewModel.swift in Sources */ = {isa = PBXBuildFile; fileRef = 37B600B36AE60257CEBF8267 /* DashboardViewModel.swift */; };
		99AE7EF4901A1DCE3CAED13E /* StatCard.swift in Sources */ = {isa = PBXBuildFile; fileRef = 583F3D3A15DD58C928246F98 /* StatCard.swift */; };
		AC21A0CC398919ED41A27BD1 /* SettingsView.swift in Sources */ = {isa = PBXBuildFile; fileRef = FADC627B2130CBCD344D3BD7 /* SettingsView.swift */; };
		ACA9EA034443616E7C165387 /* GoogleService-Info.plist in Resources */ = {isa = PBXBuildFile; fileRef = A755744FD2182D89108AB7DE /* GoogleService-Info.plist */; };
		AEBAB7AA1FBC526514F1ED02 /* GraphQLQueries.swift in Sources */ = {isa = PBXBuildFile; fileRef = E34FCF7485814D4312D838D5 /* GraphQLQueries.swift */; };
		B92F109BFC3482C1604B4D73 /* ProfileViewModel.swift in Sources */ = {isa = PBXBuildFile; fileRef = A15C4CAA8E2A74889168F43D /* ProfileViewModel.swift */; };
		BB30E80396C4A6F0E006194C /* LeetReviewApp.swift in Sources */ = {isa = PBXBuildFile; fileRef = 4CFFEE765BFC60FC1F909395 /* LeetReviewApp.swift */; };
		BCF27FA388B49649B5DA90D3 /* Date+Relative.swift in Sources */ = {isa = PBXBuildFile; fileRef = A1F7529E171EB72BAA7B425D /* Date+Relative.swift */; };
		C0ED85BD0DAEE1BC3C383ED1 /* CodeViewerView.swift in Sources */ = {isa = PBXBuildFile; fileRef = 296551FA7A866294B4DF8B62 /* CodeViewerView.swift */; };
		C4060E6B5A657A60680D513B /* ProfileView.swift in Sources */ = {isa = PBXBuildFile; fileRef = FB6DB23936831C5B860458D6 /* ProfileView.swift */; };
		C52A12B41354A12B386E4B5E /* Theme.swift in Sources */ = {isa = PBXBuildFile; fileRef = 5F548ECB3EDD422B43D5EA35 /* Theme.swift */; };
		C75E41C8333689D339A2F62E /* Color+Theme.swift in Sources */ = {isa = PBXBuildFile; fileRef = E2885203532B62F05D069E3A /* Color+Theme.swift */; };
		CC0476816B11CE48E24B1FFA /* KeychainAccess in Frameworks */ = {isa = PBXBuildFile; productRef = BC29B4521F9F153944EC7F4E /* KeychainAccess */; };
		CC9A1C58FBED1C6D25A164EE /* LoginWebView.swift in Sources */ = {isa = PBXBuildFile; fileRef = 2BABBFBA155BA87A89648F6E /* LoginWebView.swift */; };
		D0205B4E9D96EA05A52CFD07 /* ProblemDetailView.swift in Sources */ = {isa = PBXBuildFile; fileRef = 8EE8794ECD0ED8332E04C146 /* ProblemDetailView.swift */; };
		DB82BF7F6C817EB1D290D770 /* CacheManager.swift in Sources */ = {isa = PBXBuildFile; fileRef = 2257A6C50D838CD11153A12F /* CacheManager.swift */; };
		DFDFA2000726E5D26A30F86A /* ProblemListView.swift in Sources */ = {isa = PBXBuildFile; fileRef = 81D5DC6FFC7C4900947B6722 /* ProblemListView.swift */; };
		EA71EBDB6C72CCA3D67A6075 /* CodeEditorView.swift in Sources */ = {isa = PBXBuildFile; fileRef = 0FEFD22D4EE912FCBB1506BB /* CodeEditorView.swift */; };
		F73DC9C79533AF87B5475764 /* CodeBlock.swift in Sources */ = {isa = PBXBuildFile; fileRef = CA146C1E1B39DEC97616F684 /* CodeBlock.swift */; };
		F74D959ECE07FDF36DFC6CE0 /* ReviewStore.swift in Sources */ = {isa = PBXBuildFile; fileRef = 1628A4B24323EE892CA00F35 /* ReviewStore.swift */; };
		F9D657467589649241E88A0A /* ProblemDetailViewModel.swift in Sources */ = {isa = PBXBuildFile; fileRef = 69F26F3D1BD169DE482DF2E3 /* ProblemDetailViewModel.swift */; };
/* End PBXBuildFile section */

/* Begin PBXFileReference section */
		0AC5DB7FC814F9E843FA0A09 /* ContestListView.swift */ = {isa = PBXFileReference; lastKnownFileType = sourcecode.swift; path = ContestListView.swift; sourceTree = "<group>"; };
		0FEFD22D4EE912FCBB1506BB /* CodeEditorView.swift */ = {isa = PBXFileReference; lastKnownFileType = sourcecode.swift; path = CodeEditorView.swift; sourceTree = "<group>"; };
		1628A4B24323EE892CA00F35 /* ReviewStore.swift */ = {isa = PBXFileReference; lastKnownFileType = sourcecode.swift; path = ReviewStore.swift; sourceTree = "<group>"; };
		1776E9F09A8C7BA053D668F0 /* ReviewCardView.swift */ = {isa = PBXFileReference; lastKnownFileType = sourcecode.swift; path = ReviewCardView.swift; sourceTree = "<group>"; };
		1BC227B233E7C80540520890 /* ReviewSessionView.swift */ = {isa = PBXFileReference; lastKnownFileType = sourcecode.swift; path = ReviewSessionView.swift; sourceTree = "<group>"; };
		1F0069EE9C3CE69280CF81BB /* AuthManager.swift */ = {isa = PBXFileReference; lastKnownFileType = sourcecode.swift; path = AuthManager.swift; sourceTree = "<group>"; };
		2257A6C50D838CD11153A12F /* CacheManager.swift */ = {isa = PBXFileReference; lastKnownFileType = sourcecode.swift; path = CacheManager.swift; sourceTree = "<group>"; };
		296551FA7A866294B4DF8B62 /* CodeViewerView.swift */ = {isa = PBXFileReference; lastKnownFileType = sourcecode.swift; path = CodeViewerView.swift; sourceTree = "<group>"; };
		2BABBFBA155BA87A89648F6E /* LoginWebView.swift */ = {isa = PBXFileReference; lastKnownFileType = sourcecode.swift; path = LoginWebView.swift; sourceTree = "<group>"; };
		2FB10B2E559234FF09B84CD7 /* CodeEditorService.swift */ = {isa = PBXFileReference; lastKnownFileType = sourcecode.swift; path = CodeEditorService.swift; sourceTree = "<group>"; };
		3629885D409F1EDD9F5F03C5 /* ContentView.swift */ = {isa = PBXFileReference; lastKnownFileType = sourcecode.swift; path = ContentView.swift; sourceTree = "<group>"; };
		37B600B36AE60257CEBF8267 /* DashboardViewModel.swift */ = {isa = PBXFileReference; lastKnownFileType = sourcecode.swift; path = DashboardViewModel.swift; sourceTree = "<group>"; };
		4CFFEE765BFC60FC1F909395 /* LeetReviewApp.swift */ = {isa = PBXFileReference; lastKnownFileType = sourcecode.swift; path = LeetReviewApp.swift; sourceTree = "<group>"; };
		4D32E23CC7D08150130C2057 /* LeetCodeAPI.swift */ = {isa = PBXFileReference; lastKnownFileType = sourcecode.swift; path = LeetCodeAPI.swift; sourceTree = "<group>"; };
		583F3D3A15DD58C928246F98 /* StatCard.swift */ = {isa = PBXFileReference; lastKnownFileType = sourcecode.swift; path = StatCard.swift; sourceTree = "<group>"; };
		5F548ECB3EDD422B43D5EA35 /* Theme.swift */ = {isa = PBXFileReference; lastKnownFileType = sourcecode.swift; path = Theme.swift; sourceTree = "<group>"; };
		69F26F3D1BD169DE482DF2E3 /* ProblemDetailViewModel.swift */ = {isa = PBXFileReference; lastKnownFileType = sourcecode.swift; path = ProblemDetailViewModel.swift; sourceTree = "<group>"; };
		6CA8423074EB607C578986B4 /* DailyChallenge.swift */ = {isa = PBXFileReference; lastKnownFileType = sourcecode.swift; path = DailyChallenge.swift; sourceTree = "<group>"; };
		70D0DA884F7C5005BB66F7AE /* DashboardView.swift */ = {isa = PBXFileReference; lastKnownFileType = sourcecode.swift; path = DashboardView.swift; sourceTree = "<group>"; };
		77AEF482250D75873E164A23 /* SubmissionListView.swift */ = {isa = PBXFileReference; lastKnownFileType = sourcecode.swift; path = SubmissionListView.swift; sourceTree = "<group>"; };
		81D5DC6FFC7C4900947B6722 /* ProblemListView.swift */ = {isa = PBXFileReference; lastKnownFileType = sourcecode.swift; path = ProblemListView.swift; sourceTree = "<group>"; };
		8EE8794ECD0ED8332E04C146 /* ProblemDetailView.swift */ = {isa = PBXFileReference; lastKnownFileType = sourcecode.swift; path = ProblemDetailView.swift; sourceTree = "<group>"; };
		94793A8159A5A61A221F7008 /* Info.plist */ = {isa = PBXFileReference; lastKnownFileType = text.plist; path = Info.plist; sourceTree = "<group>"; };
		9C76BB70A5F07F9CBD6C633A /* AuthenticatedWebView.swift */ = {isa = PBXFileReference; lastKnownFileType = sourcecode.swift; path = AuthenticatedWebView.swift; sourceTree = "<group>"; };
		9D6FE5482B070FAC52A8EA6D /* LeetReview.app */ = {isa = PBXFileReference; includeInIndex = 0; lastKnownFileType = wrapper.application; path = LeetReview.app; sourceTree = BUILT_PRODUCTS_DIR; };
		A15C4CAA8E2A74889168F43D /* ProfileViewModel.swift */ = {isa = PBXFileReference; lastKnownFileType = sourcecode.swift; path = ProfileViewModel.swift; sourceTree = "<group>"; };
		A1F7529E171EB72BAA7B425D /* Date+Relative.swift */ = {isa = PBXFileReference; lastKnownFileType = sourcecode.swift; path = "Date+Relative.swift"; sourceTree = "<group>"; };
		A755744FD2182D89108AB7DE /* GoogleService-Info.plist */ = {isa = PBXFileReference; lastKnownFileType = text.plist; path = "GoogleService-Info.plist"; sourceTree = "<group>"; };
		AE3CF10F4A54853592F2B56D /* ActionCard.swift */ = {isa = PBXFileReference; lastKnownFileType = sourcecode.swift; path = ActionCard.swift; sourceTree = "<group>"; };
		B2A81673365F010A0AD3BA97 /* ReviewViewModel.swift */ = {isa = PBXFileReference; lastKnownFileType = sourcecode.swift; path = ReviewViewModel.swift; sourceTree = "<group>"; };
		CA146C1E1B39DEC97616F684 /* CodeBlock.swift */ = {isa = PBXFileReference; lastKnownFileType = sourcecode.swift; path = CodeBlock.swift; sourceTree = "<group>"; };
		D5BFB432A140E3CAA7DAAB69 /* ProblemFilterView.swift */ = {isa = PBXFileReference; lastKnownFileType = sourcecode.swift; path = ProblemFilterView.swift; sourceTree = "<group>"; };
		E2885203532B62F05D069E3A /* Color+Theme.swift */ = {isa = PBXFileReference; lastKnownFileType = sourcecode.swift; path = "Color+Theme.swift"; sourceTree = "<group>"; };
		E34FCF7485814D4312D838D5 /* GraphQLQueries.swift */ = {isa = PBXFileReference; lastKnownFileType = sourcecode.swift; path = GraphQLQueries.swift; sourceTree = "<group>"; };
		E97839B1F90BA661ED82CFAF /* CodeEditorViewModel.swift */ = {isa = PBXFileReference; lastKnownFileType = sourcecode.swift; path = CodeEditorViewModel.swift; sourceTree = "<group>"; };
		EBBAF57197388029504419E6 /* DifficultyBadge.swift */ = {isa = PBXFileReference; lastKnownFileType = sourcecode.swift; path = DifficultyBadge.swift; sourceTree = "<group>"; };
		EEE22FE6ABA9E25F9303EB48 /* CodeEditorModels.swift */ = {isa = PBXFileReference; lastKnownFileType = sourcecode.swift; path = CodeEditorModels.swift; sourceTree = "<group>"; };
		FADC627B2130CBCD344D3BD7 /* SettingsView.swift */ = {isa = PBXFileReference; lastKnownFileType = sourcecode.swift; path = SettingsView.swift; sourceTree = "<group>"; };
		FB6DB23936831C5B860458D6 /* ProfileView.swift */ = {isa = PBXFileReference; lastKnownFileType = sourcecode.swift; path = ProfileView.swift; sourceTree = "<group>"; };
		FF3C262325764529F08CC0B5 /* ProblemListViewModel.swift */ = {isa = PBXFileReference; lastKnownFileType = sourcecode.swift; path = ProblemListViewModel.swift; sourceTree = "<group>"; };
/* End PBXFileReference section */

/* Begin PBXFrameworksBuildPhase section */
		8A7159D2F48DAC9BFEF8D7ED /* Frameworks */ = {
			isa = PBXFrameworksBuildPhase;
			buildActionMask = 2147483647;
			files = (
				CC0476816B11CE48E24B1FFA /* KeychainAccess in Frameworks */,
				7B4E3D0C53ACD75D7A971F6A /* FirebaseAuth in Frameworks */,
				1861BA264DCA5F5F55BFCA01 /* FirebaseMessaging in Frameworks */,
			);
			runOnlyForDeploymentPostprocessing = 0;
		};
/* End PBXFrameworksBuildPhase section */

/* Begin PBXGroup section */
		19EDE81A08B1DA1127B29497 /* ProblemDetail */ = {
			isa = PBXGroup;
			children = (
				296551FA7A866294B4DF8B62 /* CodeViewerView.swift */,
				8EE8794ECD0ED8332E04C146 /* ProblemDetailView.swift */,
				69F26F3D1BD169DE482DF2E3 /* ProblemDetailViewModel.swift */,
				77AEF482250D75873E164A23 /* SubmissionListView.swift */,
			);
			path = ProblemDetail;
			sourceTree = "<group>";
		};
		3543DBC140FADEA01BA5FEDF /* CodeEditor */ = {
			isa = PBXGroup;
			children = (
				EEE22FE6ABA9E25F9303EB48 /* CodeEditorModels.swift */,
				2FB10B2E559234FF09B84CD7 /* CodeEditorService.swift */,
				0FEFD22D4EE912FCBB1506BB /* CodeEditorView.swift */,
				E97839B1F90BA661ED82CFAF /* CodeEditorViewModel.swift */,
			);
			path = CodeEditor;
			sourceTree = "<group>";
		};
		3C28D9F243E625CA72B6A03D /* App */ = {
			isa = PBXGroup;
			children = (
				3629885D409F1EDD9F5F03C5 /* ContentView.swift */,
				4CFFEE765BFC60FC1F909395 /* LeetReviewApp.swift */,
			);
			path = App;
			sourceTree = "<group>";
		};
		458E608DBA378270A58C1C39 /* Extensions */ = {
			isa = PBXGroup;
			children = (
				E2885203532B62F05D069E3A /* Color+Theme.swift */,
				A1F7529E171EB72BAA7B425D /* Date+Relative.swift */,
			);
			path = Extensions;
			sourceTree = "<group>";
		};
		4B7B985181F6615F8A800A96 /* Storage */ = {
			isa = PBXGroup;
			children = (
				2257A6C50D838CD11153A12F /* CacheManager.swift */,
				1628A4B24323EE892CA00F35 /* ReviewStore.swift */,
			);
			path = Storage;
			sourceTree = "<group>";
		};
		51E9CB2D38C2E34092851D9E /* Profile */ = {
			isa = PBXGroup;
			children = (
				FB6DB23936831C5B860458D6 /* ProfileView.swift */,
				A15C4CAA8E2A74889168F43D /* ProfileViewModel.swift */,
			);
			path = Profile;
			sourceTree = "<group>";
		};
		576A73D4F1FF42E639AAEC03 /* LeetReview */ = {
			isa = PBXGroup;
			children = (
				94793A8159A5A61A221F7008 /* Info.plist */,
				3C28D9F243E625CA72B6A03D /* App */,
				BD0B3BD3A9CEEB8090BC8B8C /* Core */,
				97529CF94F388990FC7E916A /* Features */,
				E1120B96B00148AB7D4D14E5 /* Resources */,
				5D8F26A88AEB35AE8A7EAB68 /* Shared */,
			);
			path = LeetReview;
			sourceTree = "<group>";
		};
		5D8F26A88AEB35AE8A7EAB68 /* Shared */ = {
			isa = PBXGroup;
			children = (
				9ADBFE4F1A9802306A7B768D /* Components */,
				458E608DBA378270A58C1C39 /* Extensions */,
			);
			path = Shared;
			sourceTree = "<group>";
		};
		74C6A5925A5919E29B072329 /* Review */ = {
			isa = PBXGroup;
			children = (
				1776E9F09A8C7BA053D668F0 /* ReviewCardView.swift */,
				1BC227B233E7C80540520890 /* ReviewSessionView.swift */,
				B2A81673365F010A0AD3BA97 /* ReviewViewModel.swift */,
			);
			path = Review;
			sourceTree = "<group>";
		};
		7DFFA70B0CB1E35218EC50A4 /* Problems */ = {
			isa = PBXGroup;
			children = (
				D5BFB432A140E3CAA7DAAB69 /* ProblemFilterView.swift */,
				81D5DC6FFC7C4900947B6722 /* ProblemListView.swift */,
				FF3C262325764529F08CC0B5 /* ProblemListViewModel.swift */,
			);
			path = Problems;
			sourceTree = "<group>";
		};
		97529CF94F388990FC7E916A /* Features */ = {
			isa = PBXGroup;
			children = (
				3543DBC140FADEA01BA5FEDF /* CodeEditor */,
				E86CA8E011C3F83497D15C8C /* Dashboard */,
				19EDE81A08B1DA1127B29497 /* ProblemDetail */,
				7DFFA70B0CB1E35218EC50A4 /* Problems */,
				51E9CB2D38C2E34092851D9E /* Profile */,
				74C6A5925A5919E29B072329 /* Review */,
				F40A4D1746051E4A909EC90F /* Settings */,
			);
			path = Features;
			sourceTree = "<group>";
		};
		9ADBFE4F1A9802306A7B768D /* Components */ = {
			isa = PBXGroup;
			children = (
				AE3CF10F4A54853592F2B56D /* ActionCard.swift */,
				9C76BB70A5F07F9CBD6C633A /* AuthenticatedWebView.swift */,
				CA146C1E1B39DEC97616F684 /* CodeBlock.swift */,
				EBBAF57197388029504419E6 /* DifficultyBadge.swift */,
				583F3D3A15DD58C928246F98 /* StatCard.swift */,
			);
			path = Components;
			sourceTree = "<group>";
		};
		A0FB9A4833EA10D3C1766054 /* Network */ = {
			isa = PBXGroup;
			children = (
				E34FCF7485814D4312D838D5 /* GraphQLQueries.swift */,
				4D32E23CC7D08150130C2057 /* LeetCodeAPI.swift */,
			);
			path = Network;
			sourceTree = "<group>";
		};
		AC61844E3702691836C19443 /* Theme */ = {
			isa = PBXGroup;
			children = (
				5F548ECB3EDD422B43D5EA35 /* Theme.swift */,
			);
			path = Theme;
			sourceTree = "<group>";
		};
		B6463F92AC732AABEA0F1A68 = {
			isa = PBXGroup;
			children = (
				576A73D4F1FF42E639AAEC03 /* LeetReview */,
				DB1A1C0E1631301BC4618E5C /* Products */,
			);
			sourceTree = "<group>";
		};
		BD0B3BD3A9CEEB8090BC8B8C /* Core */ = {
			isa = PBXGroup;
			children = (
				C376C5758B5C08EA85D3B968 /* Auth */,
				A0FB9A4833EA10D3C1766054 /* Network */,
				4B7B985181F6615F8A800A96 /* Storage */,
				AC61844E3702691836C19443 /* Theme */,
			);
			path = Core;
			sourceTree = "<group>";
		};
		C376C5758B5C08EA85D3B968 /* Auth */ = {
			isa = PBXGroup;
			children = (
				1F0069EE9C3CE69280CF81BB /* AuthManager.swift */,
				2BABBFBA155BA87A89648F6E /* LoginWebView.swift */,
			);
			path = Auth;
			sourceTree = "<group>";
		};
		DB1A1C0E1631301BC4618E5C /* Products */ = {
			isa = PBXGroup;
			children = (
				9D6FE5482B070FAC52A8EA6D /* LeetReview.app */,
			);
			name = Products;
			sourceTree = "<group>";
		};
		E1120B96B00148AB7D4D14E5 /* Resources */ = {
			isa = PBXGroup;
			children = (
				A755744FD2182D89108AB7DE /* GoogleService-Info.plist */,
			);
			path = Resources;
			sourceTree = "<group>";
		};
		E86CA8E011C3F83497D15C8C /* Dashboard */ = {
			isa = PBXGroup;
			children = (
				0AC5DB7FC814F9E843FA0A09 /* ContestListView.swift */,
				6CA8423074EB607C578986B4 /* DailyChallenge.swift */,
				70D0DA884F7C5005BB66F7AE /* DashboardView.swift */,
				37B600B36AE60257CEBF8267 /* DashboardViewModel.swift */,
			);
			path = Dashboard;
			sourceTree = "<group>";
		};
		F40A4D1746051E4A909EC90F /* Settings */ = {
			isa = PBXGroup;
			children = (
				FADC627B2130CBCD344D3BD7 /* SettingsView.swift */,
			);
			path = Settings;
			sourceTree = "<group>";
		};
/* End PBXGroup section */

/* Begin PBXNativeTarget section */
		BD9C121A89A4F51A772CB722 /* LeetReview */ = {
			isa = PBXNativeTarget;
			buildConfigurationList = BFA4A59D4B8E43AD996B4DF8 /* Build configuration list for PBXNativeTarget "LeetReview" */;
			buildPhases = (
				AB111EF3F11B7D7B0B7743D4 /* Sources */,
				6DA33A9A616EB762CD480624 /* Resources */,
				8A7159D2F48DAC9BFEF8D7ED /* Frameworks */,
			);
			buildRules = (
			);
			dependencies = (
			);
			name = LeetReview;
			packageProductDependencies = (
				BC29B4521F9F153944EC7F4E /* KeychainAccess */,
				83C30EC2A045A362DAB0B46D /* FirebaseAuth */,
				351D2AC1C9003047DAABEC5F /* FirebaseMessaging */,
			);
			productName = LeetReview;
			productReference = 9D6FE5482B070FAC52A8EA6D /* LeetReview.app */;
			productType = "com.apple.product-type.application";
		};
/* End PBXNativeTarget section */

/* Begin PBXProject section */
		07FCA19CC68C687025848811 /* Project object */ = {
			isa = PBXProject;
			attributes = {
				BuildIndependentTargetsInParallel = YES;
				LastUpgradeCheck = 2600;
				TargetAttributes = {
					BD9C121A89A4F51A772CB722 = {
						DevelopmentTeam = FY27ZMHFNZ;
						ProvisioningStyle = Automatic;
					};
				};
			};
			buildConfigurationList = B402EEE32A7EF6E45FCC83E8 /* Build configuration list for PBXProject "LeetReview" */;
			developmentRegion = en;
			hasScannedForEncodings = 0;
			knownRegions = (
				Base,
				en,
			);
			mainGroup = B6463F92AC732AABEA0F1A68;
			minimizedProjectReferenceProxies = 1;
			packageReferences = (
				A6AAFC1AB0C62AD1D5878F9A /* XCRemoteSwiftPackageReference "KeychainAccess" */,
				8CC5881751AF9DFD937675AC /* XCRemoteSwiftPackageReference "firebase-ios-sdk" */,
			);
			preferredProjectObjectVersion = 77;
			productRefGroup = DB1A1C0E1631301BC4618E5C /* Products */;
			projectDirPath = "";
			projectRoot = "";
			targets = (
				BD9C121A89A4F51A772CB722 /* LeetReview */,
			);
		};
/* End PBXProject section */

/* Begin PBXResourcesBuildPhase section */
		6DA33A9A616EB762CD480624 /* Resources */ = {
			isa = PBXResourcesBuildPhase;
			buildActionMask = 2147483647;
			files = (
				ACA9EA034443616E7C165387 /* GoogleService-Info.plist in Resources */,
			);
			runOnlyForDeploymentPostprocessing = 0;
		};
/* End PBXResourcesBuildPhase section */

/* Begin PBXSourcesBuildPhase section */
		AB111EF3F11B7D7B0B7743D4 /* Sources */ = {
			isa = PBXSourcesBuildPhase;
			buildActionMask = 2147483647;
			files = (
				23B52C648BE537E14965C53A /* ActionCard.swift in Sources */,
				778FE424BDFDB0559237B352 /* AuthManager.swift in Sources */,
				935B8D5E61F69CFC5F28612B /* AuthenticatedWebView.swift in Sources */,
				DB82BF7F6C817EB1D290D770 /* CacheManager.swift in Sources */,
				F73DC9C79533AF87B5475764 /* CodeBlock.swift in Sources */,
				1178A20166C90600A544701F /* CodeEditorModels.swift in Sources */,
				18139D3FADB455AF0105F67F /* CodeEditorService.swift in Sources */,
				EA71EBDB6C72CCA3D67A6075 /* CodeEditorView.swift in Sources */,
				3F78895B8E91D3DB2CAD87A8 /* CodeEditorViewModel.swift in Sources */,
				C0ED85BD0DAEE1BC3C383ED1 /* CodeViewerView.swift in Sources */,
				C75E41C8333689D339A2F62E /* Color+Theme.swift in Sources */,
				8BBC0716193727BE102096FC /* ContentView.swift in Sources */,
				3BEB169BFE790373290A00EB /* ContestListView.swift in Sources */,
				803121FE37254C4FDCD3B0E4 /* DailyChallenge.swift in Sources */,
				200851B70A4FC0E8AEEFC70E /* DashboardView.swift in Sources */,
				944D52D759BB44C86DACBEC1 /* DashboardViewModel.swift in Sources */,
				BCF27FA388B49649B5DA90D3 /* Date+Relative.swift in Sources */,
				33B2DC91300137F6BFDB7B67 /* DifficultyBadge.swift in Sources */,
				AEBAB7AA1FBC526514F1ED02 /* GraphQLQueries.swift in Sources */,
				527CA9B025E55167A416B9E6 /* LeetCodeAPI.swift in Sources */,
				BB30E80396C4A6F0E006194C /* LeetReviewApp.swift in Sources */,
				CC9A1C58FBED1C6D25A164EE /* LoginWebView.swift in Sources */,
				D0205B4E9D96EA05A52CFD07 /* ProblemDetailView.swift in Sources */,
				F9D657467589649241E88A0A /* ProblemDetailViewModel.swift in Sources */,
				4013310DB66CD36E39108709 /* ProblemFilterView.swift in Sources */,
				DFDFA2000726E5D26A30F86A /* ProblemListView.swift in Sources */,
				2EA137A45297BACA4EB80EE2 /* ProblemListViewModel.swift in Sources */,
				C4060E6B5A657A60680D513B /* ProfileView.swift in Sources */,
				B92F109BFC3482C1604B4D73 /* ProfileViewModel.swift in Sources */,
				441AEEAD645914A1A580DE0C /* ReviewCardView.swift in Sources */,
				621D6F2F5AC801953CA005EE /* ReviewSessionView.swift in Sources */,
				F74D959ECE07FDF36DFC6CE0 /* ReviewStore.swift in Sources */,
				7EC67652FE7303508A9A5A21 /* ReviewViewModel.swift in Sources */,
				AC21A0CC398919ED41A27BD1 /* SettingsView.swift in Sources */,
				99AE7EF4901A1DCE3CAED13E /* StatCard.swift in Sources */,
				54398753CE9DF1E3EA800570 /* SubmissionListView.swift in Sources */,
				C52A12B41354A12B386E4B5E /* Theme.swift in Sources */,
			);
			runOnlyForDeploymentPostprocessing = 0;
		};
/* End PBXSourcesBuildPhase section */

/* Begin XCBuildConfiguration section */
		6E769928649D76101E838C33 /* Debug */ = {
			isa = XCBuildConfiguration;
			buildSettings = {
				ASSETCATALOG_COMPILER_APPICON_NAME = AppIcon;
				ASSETCATALOG_COMPILER_GLOBAL_ACCENT_COLOR_NAME = AccentColor;
				CODE_SIGN_IDENTITY = "iPhone Developer";
				CODE_SIGN_STYLE = Automatic;
				DEVELOPMENT_TEAM = FY27ZMHFNZ;
				INFOPLIST_FILE = LeetReview/Info.plist;
				INFOPLIST_KEY_CFBundleDisplayName = LeetReview;
				INFOPLIST_KEY_UILaunchScreen_Generation = YES;
				INFOPLIST_KEY_UISupportedInterfaceOrientations_iPhone = UIInterfaceOrientationPortrait;
				IPHONEOS_DEPLOYMENT_TARGET = 17.0;
				LD_RUNPATH_SEARCH_PATHS = (
					"$(inherited)",
					"@executable_path/Frameworks",
				);
				PRODUCT_BUNDLE_IDENTIFIER = com.leetreview;
				SDKROOT = iphoneos;
				SWIFT_EMIT_LOC_STRINGS = YES;
				TARGETED_DEVICE_FAMILY = "1,2";
			};
			name = Debug;
		};
		BDBB5339B801AC5B1AA6217A /* Release */ = {
			isa = XCBuildConfiguration;
			buildSettings = {
				ALWAYS_SEARCH_USER_PATHS = NO;
				CLANG_ANALYZER_NONNULL = YES;
				CLANG_ANALYZER_NUMBER_OBJECT_CONVERSION = YES_AGGRESSIVE;
				CLANG_CXX_LANGUAGE_STANDARD = "gnu++14";
				CLANG_CXX_LIBRARY = "libc++";
				CLANG_ENABLE_MODULES = YES;
				CLANG_ENABLE_OBJC_ARC = YES;
				CLANG_ENABLE_OBJC_WEAK = YES;
				CLANG_WARN_BLOCK_CAPTURE_AUTORELEASING = YES;
				CLANG_WARN_BOOL_CONVERSION = YES;
				CLANG_WARN_COMMA = YES;
				CLANG_WARN_CONSTANT_CONVERSION = YES;
				CLANG_WARN_DEPRECATED_OBJC_IMPLEMENTATIONS = YES;
				CLANG_WARN_DIRECT_OBJC_ISA_USAGE = YES_ERROR;
				CLANG_WARN_DOCUMENTATION_COMMENTS = YES;
				CLANG_WARN_EMPTY_BODY = YES;
				CLANG_WARN_ENUM_CONVERSION = YES;
				CLANG_WARN_INFINITE_RECURSION = YES;
				CLANG_WARN_INT_CONVERSION = YES;
				CLANG_WARN_NON_LITERAL_NULL_CONVERSION = YES;
				CLANG_WARN_OBJC_IMPLICIT_RETAIN_SELF = YES;
				CLANG_WARN_OBJC_LITERAL_CONVERSION = YES;
				CLANG_WARN_OBJC_ROOT_CLASS = YES_ERROR;
				CLANG_WARN_QUOTED_INCLUDE_IN_FRAMEWORK_HEADER = YES;
				CLANG_WARN_RANGE_LOOP_ANALYSIS = YES;
				CLANG_WARN_STRICT_PROTOTYPES = YES;
				CLANG_WARN_SUSPICIOUS_MOVE = YES;
				CLANG_WARN_UNGUARDED_AVAILABILITY = YES_AGGRESSIVE;
				CLANG_WARN_UNREACHABLE_CODE = YES;
				CLANG_WARN__DUPLICATE_METHOD_MATCH = YES;
				COPY_PHASE_STRIP = NO;
				DEBUG_INFORMATION_FORMAT = "dwarf-with-dsym";
				ENABLE_NS_ASSERTIONS = NO;
				ENABLE_STRICT_OBJC_MSGSEND = YES;
				GCC_C_LANGUAGE_STANDARD = gnu11;
				GCC_NO_COMMON_BLOCKS = YES;
				GCC_WARN_64_TO_32_BIT_CONVERSION = YES;
				GCC_WARN_ABOUT_RETURN_TYPE = YES_ERROR;
				GCC_WARN_UNDECLARED_SELECTOR = YES;
				GCC_WARN_UNINITIALIZED_AUTOS = YES_AGGRESSIVE;
				GCC_WARN_UNUSED_FUNCTION = YES;
				GCC_WARN_UNUSED_VARIABLE = YES;
				GENERATE_INFOPLIST_FILE = YES;
				IPHONEOS_DEPLOYMENT_TARGET = 17.0;
				MTL_ENABLE_DEBUG_INFO = NO;
				MTL_FAST_MATH = YES;
				PRODUCT_NAME = "$(TARGET_NAME)";
				SDKROOT = iphoneos;
				SWIFT_COMPILATION_MODE = wholemodule;
				SWIFT_OPTIMIZATION_LEVEL = "-O";
				SWIFT_STRICT_CONCURRENCY = complete;
				SWIFT_VERSION = 6;
			};
			name = Release;
		};
		C6EC4739A941E49FD0A383DF /* Release */ = {
			isa = XCBuildConfiguration;
			buildSettings = {
				ASSETCATALOG_COMPILER_APPICON_NAME = AppIcon;
				ASSETCATALOG_COMPILER_GLOBAL_ACCENT_COLOR_NAME = AccentColor;
				CODE_SIGN_IDENTITY = "iPhone Developer";
				CODE_SIGN_STYLE = Automatic;
				DEVELOPMENT_TEAM = FY27ZMHFNZ;
				INFOPLIST_FILE = LeetReview/Info.plist;
				INFOPLIST_KEY_CFBundleDisplayName = LeetReview;
				INFOPLIST_KEY_UILaunchScreen_Generation = YES;
				INFOPLIST_KEY_UISupportedInterfaceOrientations_iPhone = UIInterfaceOrientationPortrait;
				IPHONEOS_DEPLOYMENT_TARGET = 17.0;
				LD_RUNPATH_SEARCH_PATHS = (
					"$(inherited)",
					"@executable_path/Frameworks",
				);
				PRODUCT_BUNDLE_IDENTIFIER = com.leetreview;
				SDKROOT = iphoneos;
				SWIFT_EMIT_LOC_STRINGS = YES;
				TARGETED_DEVICE_FAMILY = "1,2";
			};
			name = Release;
		};
		D609327794E0F3264D2F7253 /* Debug */ = {
			isa = XCBuildConfiguration;
			buildSettings = {
				ALWAYS_SEARCH_USER_PATHS = NO;
				CLANG_ANALYZER_NONNULL = YES;
				CLANG_ANALYZER_NUMBER_OBJECT_CONVERSION = YES_AGGRESSIVE;
				CLANG_CXX_LANGUAGE_STANDARD = "gnu++14";
				CLANG_CXX_LIBRARY = "libc++";
				CLANG_ENABLE_MODULES = YES;
				CLANG_ENABLE_OBJC_ARC = YES;
				CLANG_ENABLE_OBJC_WEAK = YES;
				CLANG_WARN_BLOCK_CAPTURE_AUTORELEASING = YES;
				CLANG_WARN_BOOL_CONVERSION = YES;
				CLANG_WARN_COMMA = YES;
				CLANG_WARN_CONSTANT_CONVERSION = YES;
				CLANG_WARN_DEPRECATED_OBJC_IMPLEMENTATIONS = YES;
				CLANG_WARN_DIRECT_OBJC_ISA_USAGE = YES_ERROR;
				CLANG_WARN_DOCUMENTATION_COMMENTS = YES;
				CLANG_WARN_EMPTY_BODY = YES;
				CLANG_WARN_ENUM_CONVERSION = YES;
				CLANG_WARN_INFINITE_RECURSION = YES;
				CLANG_WARN_INT_CONVERSION = YES;
				CLANG_WARN_NON_LITERAL_NULL_CONVERSION = YES;
				CLANG_WARN_OBJC_IMPLICIT_RETAIN_SELF = YES;
				CLANG_WARN_OBJC_LITERAL_CONVERSION = YES;
				CLANG_WARN_OBJC_ROOT_CLASS = YES_ERROR;
				CLANG_WARN_QUOTED_INCLUDE_IN_FRAMEWORK_HEADER = YES;
				CLANG_WARN_RANGE_LOOP_ANALYSIS = YES;
				CLANG_WARN_STRICT_PROTOTYPES = YES;
				CLANG_WARN_SUSPICIOUS_MOVE = YES;
				CLANG_WARN_UNGUARDED_AVAILABILITY = YES_AGGRESSIVE;
				CLANG_WARN_UNREACHABLE_CODE = YES;
				CLANG_WARN__DUPLICATE_METHOD_MATCH = YES;
				COPY_PHASE_STRIP = NO;
				DEBUG_INFORMATION_FORMAT = dwarf;
				ENABLE_STRICT_OBJC_MSGSEND = YES;
				ENABLE_TESTABILITY = YES;
				GCC_C_LANGUAGE_STANDARD = gnu11;
				GCC_DYNAMIC_NO_PIC = NO;
				GCC_NO_COMMON_BLOCKS = YES;
				GCC_OPTIMIZATION_LEVEL = 0;
				GCC_PREPROCESSOR_DEFINITIONS = (
					"$(inherited)",
					"DEBUG=1",
				);
				GCC_WARN_64_TO_32_BIT_CONVERSION = YES;
				GCC_WARN_ABOUT_RETURN_TYPE = YES_ERROR;
				GCC_WARN_UNDECLARED_SELECTOR = YES;
				GCC_WARN_UNINITIALIZED_AUTOS = YES_AGGRESSIVE;
				GCC_WARN_UNUSED_FUNCTION = YES;
				GCC_WARN_UNUSED_VARIABLE = YES;
				GENERATE_INFOPLIST_FILE = YES;
				IPHONEOS_DEPLOYMENT_TARGET = 17.0;
				MTL_ENABLE_DEBUG_INFO = INCLUDE_SOURCE;
				MTL_FAST_MATH = YES;
				ONLY_ACTIVE_ARCH = YES;
				PRODUCT_NAME = "$(TARGET_NAME)";
				SDKROOT = iphoneos;
				SWIFT_ACTIVE_COMPILATION_CONDITIONS = DEBUG;
				SWIFT_OPTIMIZATION_LEVEL = "-Onone";
				SWIFT_STRICT_CONCURRENCY = complete;
				SWIFT_VERSION = 6;
			};
			name = Debug;
		};
/* End XCBuildConfiguration section */

/* Begin XCConfigurationList section */
		B402EEE32A7EF6E45FCC83E8 /* Build configuration list for PBXProject "LeetReview" */ = {
			isa = XCConfigurationList;
			buildConfigurations = (
				D609327794E0F3264D2F7253 /* Debug */,
				BDBB5339B801AC5B1AA6217A /* Release */,
			);
			defaultConfigurationIsVisible = 0;
			defaultConfigurationName = Debug;
		};
		BFA4A59D4B8E43AD996B4DF8 /* Build configuration list for PBXNativeTarget "LeetReview" */ = {
			isa = XCConfigurationList;
			buildConfigurations = (
				6E769928649D76101E838C33 /* Debug */,
				C6EC4739A941E49FD0A383DF /* Release */,
			);
			defaultConfigurationIsVisible = 0;
			defaultConfigurationName = Debug;
		};
/* End XCConfigurationList section */

/* Begin XCRemoteSwiftPackageReference section */
		8CC5881751AF9DFD937675AC /* XCRemoteSwiftPackageReference "firebase-ios-sdk" */ = {
			isa = XCRemoteSwiftPackageReference;
			repositoryURL = "https://github.com/firebase/firebase-ios-sdk";
			requirement = {
				kind = upToNextMajorVersion;
				minimumVersion = 11.0.0;
			};
		};
		A6AAFC1AB0C62AD1D5878F9A /* XCRemoteSwiftPackageReference "KeychainAccess" */ = {
			isa = XCRemoteSwiftPackageReference;
			repositoryURL = "https://github.com/kishikawakatsumi/KeychainAccess";
			requirement = {
				kind = upToNextMajorVersion;
				minimumVersion = 4.2.2;
			};
		};
/* End XCRemoteSwiftPackageReference section */

/* Begin XCSwiftPackageProductDependency section */
		351D2AC1C9003047DAABEC5F /* FirebaseMessaging */ = {
			isa = XCSwiftPackageProductDependency;
			package = 8CC5881751AF9DFD937675AC /* XCRemoteSwiftPackageReference "firebase-ios-sdk" */;
			productName = FirebaseMessaging;
		};
		83C30EC2A045A362DAB0B46D /* FirebaseAuth */ = {
			isa = XCSwiftPackageProductDependency;
			package = 8CC5881751AF9DFD937675AC /* XCRemoteSwiftPackageReference "firebase-ios-sdk" */;
			productName = FirebaseAuth;
		};
		BC29B4521F9F153944EC7F4E /* KeychainAccess */ = {
			isa = XCSwiftPackageProductDependency;
			package = A6AAFC1AB0C62AD1D5878F9A /* XCRemoteSwiftPackageReference "KeychainAccess" */;
			productName = KeychainAccess;
		};
/* End XCSwiftPackageProductDependency section */
	};
	rootObject = 07FCA19CC68C687025848811 /* Project object */;
}
